<?xml version="1.0" encoding="utf-8"?>
<Project ToolsVersion="4.0" xmlns="http://schemas.microsoft.com/developer/msbuild/2003">
  <ItemGroup>
    <FxCompile Include="Resources\Shaders\mpEffectPixelShader.hlsl">
      <Filter>リソースファイル\Shader</Filter>
    </FxCompile>
    <FxCompile Include="Resources\Shaders\mpPixelShader.hlsl">
      <Filter>リソースファイル\Shader</Filter>
    </FxCompile>
    <FxCompile Include="Resources\Shaders\mpVertexShader.hlsl">
      <Filter>リソースファイル\Shader</Filter>
    </FxCompile>
    <FxCompile Include="Resources\Shaders\ParticleGS.hlsl">
      <Filter>リソースファイル\Shader</Filter>
    </FxCompile>
    <FxCompile Include="Resources\Shaders\ParticlePS.hlsl">
      <Filter>リソースファイル\Shader</Filter>
    </FxCompile>
    <FxCompile Include="Resources\Shaders\ParticleVS.hlsl">
      <Filter>リソースファイル\Shader</Filter>
    </FxCompile>
    <FxCompile Include="Resources\Shaders\SpriteGS.hlsl">
      <Filter>リソースファイル\Shader</Filter>
    </FxCompile>
    <FxCompile Include="Resources\Shaders\SpritePS.hlsl">
      <Filter>リソースファイル\Shader</Filter>
    </FxCompile>
    <FxCompile Include="Resources\Shaders\SpriteVS.hlsl">
      <Filter>リソースファイル\Shader</Filter>
    </FxCompile>
  </ItemGroup>
  <ItemGroup>
    <ClCompile Include="ActFlag.cpp">
      <Filter>ソースファイル</Filter>
    </ClCompile>
    <ClCompile Include="Easing.cpp">
      <Filter>Effect</Filter>
    </ClCompile>
    <ClCompile Include="main.cpp">
      <Filter>ソースファイル</Filter>
    </ClCompile>
    <ClCompile Include="InputManger.cpp">
      <Filter>ソースファイル</Filter>
    </ClCompile>
    <ClCompile Include="Title.cpp">
      <Filter>ソースファイル</Filter>
    </ClCompile>
    <ClCompile Include="Tutorial.cpp">
      <Filter>ソースファイル</Filter>
    </ClCompile>
    <ClCompile Include="UI.cpp">
      <Filter>ソースファイル</Filter>
    </ClCompile>
    <ClCompile Include="testParticle.cpp">
      <Filter>Effect</Filter>
    </ClCompile>
    <ClCompile Include="Player.cpp">
      <Filter>Scene\gameMain\gameObject\Player</Filter>
    </ClCompile>
    <ClCompile Include="PlayerBody.cpp">
      <Filter>Scene\gameMain\gameObject\Player</Filter>
    </ClCompile>
    <ClCompile Include="PlayerFoot.cpp">
      <Filter>Scene\gameMain\gameObject\Player</Filter>
    </ClCompile>
    <ClCompile Include="GoalEffect.cpp">
      <Filter>Effect</Filter>
    </ClCompile>
    <ClCompile Include="OriEffects.cpp">
      <Filter>Scene\gameMain\effect\OriEffect</Filter>
    </ClCompile>
    <ClCompile Include="Ori_StarParticle.cpp">
      <Filter>Scene\gameMain\effect\OriEffect</Filter>
    </ClCompile>
    <ClCompile Include="OriParticle.cpp">
      <Filter>Scene\gameMain\effect\OriEffect</Filter>
    </ClCompile>
    <ClCompile Include="GoalEffects.cpp">
      <Filter>Scene\gameMain\effect\GoalEffect</Filter>
    </ClCompile>
    <ClCompile Include="GoalCracker.cpp">
      <Filter>Scene\gameMain\effect\GoalEffect</Filter>
    </ClCompile>
    <ClCompile Include="GoalPaperRain.cpp">
      <Filter>Scene\gameMain\effect\GoalEffect</Filter>
    </ClCompile>
    <ClCompile Include="stage.cpp">
      <Filter>Scene\gameMain\gameObject\stage</Filter>
    </ClCompile>
    <ClCompile Include="GameScene.cpp">
      <Filter>Scene\gameMain</Filter>
    </ClCompile>
    <ClCompile Include="GameMainManager.cpp">
      <Filter>Scene\gameMain\control</Filter>
    </ClCompile>
    <ClCompile Include="ISceneChanger.cpp">
      <Filter>Scene\manager</Filter>
    </ClCompile>
    <ClCompile Include="SceneManager.cpp">
      <Filter>Scene\manager</Filter>
    </ClCompile>
    <ClCompile Include="StageSelecter.cpp">
      <Filter>Scene\stageSelect\control</Filter>
    </ClCompile>
    <ClCompile Include="UI.cpp">
      <Filter>Scene\gameMain\UI</Filter>
    </ClCompile>
    <ClCompile Include="Tutorial.cpp">
      <Filter>Scene\gameMain\UI</Filter>
    </ClCompile>
    <ClCompile Include="LoadFile.cpp">
      <Filter>Scene\gameMain\control</Filter>
    </ClCompile>
    <ClCompile Include="BaseScene.cpp">
      <Filter>Scene\manager</Filter>
    </ClCompile>
    <ClCompile Include="StageClearedControler.cpp">
      <Filter>Scene\gameMain\control</Filter>
    </ClCompile>
    <ClCompile Include="SceneChangeDirection.cpp" />
    <ClCompile Include="ButtonUI.cpp" />
    <ClCompile Include="SChangeDir.cpp" />
    <ClCompile Include="TitleAudio.cpp" />
    <ClCompile Include="BackGroundGraphic.cpp">
      <Filter>Scene\gameMain\effect</Filter>
    </ClCompile>
  </ItemGroup>
  <ItemGroup>
    <ClInclude Include="ActFlag.h">
      <Filter>ヘッダーファイル</Filter>
    </ClInclude>
    <ClInclude Include="Easing.h">
      <Filter>Effect</Filter>
    </ClInclude>
    <ClInclude Include="General.h">
      <Filter>ヘッダーファイル</Filter>
    </ClInclude>
    <ClInclude Include="InputManger.h">
      <Filter>ヘッダーファイル</Filter>
    </ClInclude>
    <ClInclude Include="Title.h">
      <Filter>ヘッダーファイル</Filter>
    </ClInclude>
    <ClInclude Include="testParticle.h">
      <Filter>Effect</Filter>
    </ClInclude>
    <ClInclude Include="Player.h">
      <Filter>Scene\gameMain\gameObject\Player</Filter>
    </ClInclude>
    <ClInclude Include="PlayerBody.h">
      <Filter>Scene\gameMain\gameObject\Player</Filter>
    </ClInclude>
    <ClInclude Include="PlayerFoot.h">
      <Filter>Scene\gameMain\gameObject\Player</Filter>
    </ClInclude>
    <ClInclude Include="GoalEffect.h">
      <Filter>Effect</Filter>
    </ClInclude>
    <ClInclude Include="OriEffects.h">
      <Filter>Scene\gameMain\effect\OriEffect</Filter>
    </ClInclude>
    <ClInclude Include="Ori_StarParticle.h">
      <Filter>Scene\gameMain\effect\OriEffect</Filter>
    </ClInclude>
    <ClInclude Include="OriParticle.h">
      <Filter>Scene\gameMain\effect\OriEffect</Filter>
    </ClInclude>
    <ClInclude Include="GoalEffects.h">
      <Filter>Scene\gameMain\effect\GoalEffect</Filter>
    </ClInclude>
    <ClInclude Include="GoalCracker.h">
      <Filter>Scene\gameMain\effect\GoalEffect</Filter>
    </ClInclude>
    <ClInclude Include="GoalPaperRain.h">
      <Filter>Scene\gameMain\effect\GoalEffect</Filter>
    </ClInclude>
    <ClInclude Include="stage.h">
      <Filter>Scene\gameMain\gameObject\stage</Filter>
    </ClInclude>
    <ClInclude Include="GameMainManager.h">
      <Filter>Scene\gameMain\control</Filter>
    </ClInclude>
    <ClInclude Include="GameScene.h">
      <Filter>Scene\gameMain</Filter>
    </ClInclude>
    <ClInclude Include="Task.h">
      <Filter>Scene\manager</Filter>
    </ClInclude>
    <ClInclude Include="BaseScene.h">
      <Filter>Scene\manager</Filter>
    </ClInclude>
    <ClInclude Include="ISceneChanger.h">
      <Filter>Scene\manager</Filter>
    </ClInclude>
    <ClInclude Include="SceneManager.h">
      <Filter>Scene\manager</Filter>
    </ClInclude>
    <ClInclude Include="StageSelecter.h">
      <Filter>Scene\stageSelect\control</Filter>
    </ClInclude>
    <ClInclude Include="UI.h">
      <Filter>Scene\gameMain\UI</Filter>
    </ClInclude>
    <ClInclude Include="Tutorial.h">
      <Filter>Scene\gameMain\UI</Filter>
    </ClInclude>
    <ClInclude Include="LoadFile.h">
      <Filter>Scene\gameMain\control</Filter>
    </ClInclude>
    <ClInclude Include="StageClearedControler.h">
      <Filter>Scene\gameMain\control</Filter>
    </ClInclude>
    <ClInclude Include="SceneChangeDirection.h" />
    <ClInclude Include="ButtonUI.h" />
    <ClInclude Include="SChangeDir.h" />
    <ClInclude Include="TitleAudio.h" />
    <ClInclude Include="BackGroundGraphic.h">
      <Filter>Scene\gameMain\effect</Filter>
    </ClInclude>
  </ItemGroup>
  <ItemGroup>
    <Image Include="Resources\block.png">
      <Filter>リソースファイル</Filter>
    </Image>
    <Image Include="Resources\backSin.png">
      <Filter>リソースファイル</Filter>
    </Image>
    <Image Include="Resources\goal.png">
      <Filter>リソースファイル</Filter>
    </Image>
    <Image Include="Resources\stage_enpty.png">
      <Filter>リソースファイル</Filter>
    </Image>
    <Image Include="Resources\playerLegs.png">
      <Filter>リソースファイル</Filter>
    </Image>
    <Image Include="Resources\playerSub.png">
      <Filter>リソースファイル</Filter>
    </Image>
    <Image Include="Resources\player.png" />
    <Image Include="Resources\playerBody02.png" />
  </ItemGroup>
  <ItemGroup>
    <None Include="Resources\Shaders\mpShaderHeader.hlsli">
      <Filter>リソースファイル\Shader</Filter>
    </None>
    <None Include="Resources\Shaders\ParticleShaderHeader.hlsli">
      <Filter>リソースファイル\Shader</Filter>
    </None>
    <None Include="Resources\Shaders\Sprite.hlsli">
      <Filter>リソースファイル\Shader</Filter>
    </None>
    <None Include="Resources\stage\stage1.csv">
      <Filter>リソースファイル\Stage</Filter>
    </None>
    <None Include="Resources\stage\stage2.csv">
      <Filter>リソースファイル\Stage</Filter>
    </None>
    <None Include="Resources\stage\stage3.csv">
      <Filter>リソースファイル\Stage</Filter>
    </None>
    <None Include="Resources\stage\stage4.csv">
      <Filter>リソースファイル\Stage</Filter>
    </None>
    <None Include="Resources\stage\stage5.csv">
      <Filter>リソースファイル\Stage</Filter>
    </None>
    <None Include="Resources\stage\stage6.csv">
      <Filter>リソースファイル\Stage</Filter>
    </None>
    <None Include="Resources\stage\stage7.csv">
      <Filter>リソースファイル\Stage</Filter>
    </None>
    <None Include="Resources\stage\stage8.csv">
      <Filter>リソースファイル\Stage</Filter>
    </None>
    <None Include="Resources\stage\stage9.csv">
      <Filter>リソースファイル\Stage</Filter>
    </None>
    <None Include="Resources\stage\stage10.csv">
      <Filter>リソースファイル\Stage</Filter>
    </None>
    <None Include="Resources\stage\stage11.csv">
      <Filter>リソースファイル\Stage</Filter>
    </None>
    <None Include="Resources\stage\stage12.csv">
      <Filter>リソースファイル\Stage</Filter>
    </None>
    <None Include="Resources\stage\stage20.csv">
      <Filter>リソースファイル\Stage</Filter>
    </None>
    <None Include="Resources\stage\stage13.csv">
      <Filter>リソースファイル\Stage</Filter>
    </None>
    <None Include="Resources\stage\stage14.csv">
      <Filter>リソースファイル\Stage</Filter>
    </None>
    <None Include="Resources\stage\stage15.csv">
      <Filter>リソースファイル\Stage</Filter>
    </None>
    <None Include="Resources\stage\stage16.csv">
      <Filter>リソースファイル\Stage</Filter>
    </None>
    <None Include="Resources\stage\stage17.csv">
      <Filter>リソースファイル\Stage</Filter>
    </None>
    <None Include="Resources\stage\stage18.csv">
      <Filter>リソースファイル\Stage</Filter>
    </None>
    <None Include="Resources\stage\stage19.csv">
      <Filter>リソースファイル\Stage</Filter>
    </None>
  </ItemGroup>
  <ItemGroup>
    <Filter Include="リソースファイル">
      <UniqueIdentifier>{69955774-79e3-4230-b4db-ccd384f35dfa}</UniqueIdentifier>
    </Filter>
    <Filter Include="ソースファイル">
      <UniqueIdentifier>{5af8784c-614f-44cc-be91-198765f9d924}</UniqueIdentifier>
    </Filter>
    <Filter Include="ヘッダーファイル">
      <UniqueIdentifier>{ec3c86c5-4e45-4d16-9224-dbc80c573fc1}</UniqueIdentifier>
    </Filter>
    <Filter Include="リソースファイル\Shader">
      <UniqueIdentifier>{71bbf044-018b-4c79-bb9f-ede26d9784a8}</UniqueIdentifier>
    </Filter>
    <Filter Include="Effect">
      <UniqueIdentifier>{821a4f3f-bda9-41d5-a9d7-98f800b3dd07}</UniqueIdentifier>
    </Filter>
    <Filter Include="リソースファイル\Stage">
      <UniqueIdentifier>{4f5edd65-77b5-4947-b508-2858f31800cd}</UniqueIdentifier>
    </Filter>
    <Filter Include="Scene">
      <UniqueIdentifier>{2ad5bd0c-bb44-40c7-bfa5-8de7ab677e4d}</UniqueIdentifier>
    </Filter>
    <Filter Include="Scene\stageSelect">
      <UniqueIdentifier>{b921942e-ab8d-441b-b55b-e9fba6223f5c}</UniqueIdentifier>
    </Filter>
    <Filter Include="Scene\gameMain">
      <UniqueIdentifier>{8eb110b3-a0d5-4e71-877c-4e097176c2a8}</UniqueIdentifier>
    </Filter>
    <Filter Include="Scene\gameMain\gameObject">
      <UniqueIdentifier>{d919dfb6-45ba-4d25-8682-69a20a5345f6}</UniqueIdentifier>
    </Filter>
    <Filter Include="Scene\gameMain\effect">
      <UniqueIdentifier>{3d93f00d-50f5-475b-ba02-52d47bda0a44}</UniqueIdentifier>
    </Filter>
    <Filter Include="Scene\gameMain\control">
      <UniqueIdentifier>{d4415fe8-351f-484f-a4ab-83e9ccccc9a3}</UniqueIdentifier>
    </Filter>
    <Filter Include="Scene\gameMain\effect\OriEffect">
      <UniqueIdentifier>{d0fe4f7e-dc12-48de-b9c9-27542def6eb3}</UniqueIdentifier>
    </Filter>
    <Filter Include="Scene\gameMain\effect\GoalEffect">
      <UniqueIdentifier>{67410279-c528-4672-93df-c2729a2b2099}</UniqueIdentifier>
    </Filter>
    <Filter Include="Scene\gameMain\gameObject\stage">
      <UniqueIdentifier>{0a395263-9960-4a7e-bc16-b5bc0ada2bd6}</UniqueIdentifier>
    </Filter>
    <Filter Include="Scene\gameMain\gameObject\Player">
      <UniqueIdentifier>{119f03a6-2661-4049-ad4d-e930682c77e8}</UniqueIdentifier>
    </Filter>
    <Filter Include="Scene\manager">
      <UniqueIdentifier>{c5092605-3ac9-46ce-8b93-76fa0d4b0798}</UniqueIdentifier>
    </Filter>
    <Filter Include="Scene\stageSelect\control">
      <UniqueIdentifier>{add94400-2563-44c2-9f47-abd617756830}</UniqueIdentifier>
    </Filter>
    <Filter Include="Scene\gameMain\UI">
      <UniqueIdentifier>{c7a7654b-d973-4152-a04f-12a2398ce9de}</UniqueIdentifier>
    </Filter>
  </ItemGroup>
</Project>